
Microsoft Visual Studio Solution File, Format Version 12.00
# Visual Studio 15
VisualStudioVersion = 15.0.26228.9
MinimumVisualStudioVersion = 10.0.40219.1
Project("{FAE04EC0-301F-11D3-BF4B-00C04F79EFBC}") = "GetWikidataRelations", "GetWikidataRelations\GetWikidataRelations.csproj", "{C8AE84B5-FA04-47F0-AD0F-A8AB3F6A71BB}"
EndProject
Project("{FAE04EC0-301F-11D3-BF4B-00C04F79EFBC}") = "GetWikidataCategories", "GetWikidataCategories\GetWikidataCategories.csproj", "{F173DD4E-F735-4580-B7F2-742D00CC374A}"
EndProject
Project("{FAE04EC0-301F-11D3-BF4B-00C04F79EFBC}") = "ReloadConfigFromFile", "ReloadConfigFromFile\ReloadConfigFromFile.csproj", "{E9E12F82-9DA2-4374-9D02-2619E281566E}"
EndProject
Project("{FAE04EC0-301F-11D3-BF4B-00C04F79EFBC}") = "UploadRelationPositions", "UploadRelationPositions\UploadRelationPositions.csproj", "{4965A315-356A-438B-A250-10623B344571}"
EndProject
Project("{FAE04EC0-301F-11D3-BF4B-00C04F79EFBC}") = "ParseTripletsIds", "ParseTripletsIds\ParseTripletsIds.csproj", "{F1D78DD4-0D93-43DB-9271-567DD6D533DF}"
EndProject
Project("{FAE04EC0-301F-11D3-BF4B-00C04F79EFBC}") = "UploadRelationPositionsIntersect", "UploadRelationPositionsIntersect\UploadRelationPositionsIntersect.csproj", "{727C62B2-A496-4734-B77B-55C618466A77}"
EndProject
Project("{FAE04EC0-301F-11D3-BF4B-00C04F79EFBC}") = "Core", "Core\Core.csproj", "{88D4F41F-7071-49EE-9B3B-A96CFF43EBF8}"
EndProject
Project("{FAE04EC0-301F-11D3-BF4B-00C04F79EFBC}") = "GetWikiArticle", "GetWikiArticle\GetWikiArticle.csproj", "{B639349E-FB43-4103-8B1E-AC267961BD07}"
EndProject
Project("{FAE04EC0-301F-11D3-BF4B-00C04F79EFBC}") = "WikidumpToFiles", "WikidumpToFiles\WikidumpToFiles.csproj", "{31F653B7-97D3-4BA7-8EAB-01470EA8E8BA}"
EndProject
Project("{FAE04EC0-301F-11D3-BF4B-00C04F79EFBC}") = "DumpPositions", "DumpPositions\DumpPositions.csproj", "{F755B8A3-0FA4-47AF-98A1-35466F0AA21D}"
EndProject
Project("{FAE04EC0-301F-11D3-BF4B-00C04F79EFBC}") = "Core.Tests", "Core.Tests\Core.Tests.csproj", "{FD7009C0-F0CB-47F3-8140-0603C1E65584}"
EndProject
Project("{FAE04EC0-301F-11D3-BF4B-00C04F79EFBC}") = "DumpRelationTexts", "DumpRelationTexts\DumpRelationTexts.csproj", "{A1474284-C599-4B20-B74C-A6E49BBD1B7B}"
EndProject
Project("{FAE04EC0-301F-11D3-BF4B-00C04F79EFBC}") = "PreprocessArticleTexts", "PreprocessArticleTexts\PreprocessArticleTexts.csproj", "{2363B8EE-02E2-482B-9E74-725FDCD7D63A}"
EndProject
Project("{FAE04EC0-301F-11D3-BF4B-00C04F79EFBC}") = "PreprocessArticleTexts.Tests", "PreprocessArticleTexts.Tests\PreprocessArticleTexts.Tests.csproj", "{6CD02E25-9043-4789-B746-9B9556F42B0E}"
EndProject
Global
	GlobalSection(SolutionConfigurationPlatforms) = preSolution
		Debug|Any CPU = Debug|Any CPU
		Debug|x64 = Debug|x64
		Dev|Any CPU = Dev|Any CPU
		Dev|x64 = Dev|x64
		DevHttps|Any CPU = DevHttps|Any CPU
		DevHttps|x64 = DevHttps|x64
		Prod|Any CPU = Prod|Any CPU
		Prod|x64 = Prod|x64
		Release|Any CPU = Release|Any CPU
		Release|x64 = Release|x64
		Staging|Any CPU = Staging|Any CPU
		Staging|x64 = Staging|x64
	EndGlobalSection
	GlobalSection(ProjectConfigurationPlatforms) = postSolution
		{C8AE84B5-FA04-47F0-AD0F-A8AB3F6A71BB}.Debug|Any CPU.ActiveCfg = Debug|Any CPU
		{C8AE84B5-FA04-47F0-AD0F-A8AB3F6A71BB}.Debug|Any CPU.Build.0 = Debug|Any CPU
		{C8AE84B5-FA04-47F0-AD0F-A8AB3F6A71BB}.Debug|x64.ActiveCfg = Debug|x64
		{C8AE84B5-FA04-47F0-AD0F-A8AB3F6A71BB}.Debug|x64.Build.0 = Debug|x64
		{C8AE84B5-FA04-47F0-AD0F-A8AB3F6A71BB}.Dev|Any CPU.ActiveCfg = Debug|Any CPU
		{C8AE84B5-FA04-47F0-AD0F-A8AB3F6A71BB}.Dev|Any CPU.Build.0 = Debug|Any CPU
		{C8AE84B5-FA04-47F0-AD0F-A8AB3F6A71BB}.Dev|x64.ActiveCfg = Debug|x64
		{C8AE84B5-FA04-47F0-AD0F-A8AB3F6A71BB}.Dev|x64.Build.0 = Debug|x64
		{C8AE84B5-FA04-47F0-AD0F-A8AB3F6A71BB}.DevHttps|Any CPU.ActiveCfg = Debug|Any CPU
		{C8AE84B5-FA04-47F0-AD0F-A8AB3F6A71BB}.DevHttps|Any CPU.Build.0 = Debug|Any CPU
		{C8AE84B5-FA04-47F0-AD0F-A8AB3F6A71BB}.DevHttps|x64.ActiveCfg = Debug|x64
		{C8AE84B5-FA04-47F0-AD0F-A8AB3F6A71BB}.DevHttps|x64.Build.0 = Debug|x64
		{C8AE84B5-FA04-47F0-AD0F-A8AB3F6A71BB}.Prod|Any CPU.ActiveCfg = Release|Any CPU
		{C8AE84B5-FA04-47F0-AD0F-A8AB3F6A71BB}.Prod|Any CPU.Build.0 = Release|Any CPU
		{C8AE84B5-FA04-47F0-AD0F-A8AB3F6A71BB}.Prod|x64.ActiveCfg = Release|x64
		{C8AE84B5-FA04-47F0-AD0F-A8AB3F6A71BB}.Prod|x64.Build.0 = Release|x64
		{C8AE84B5-FA04-47F0-AD0F-A8AB3F6A71BB}.Release|Any CPU.ActiveCfg = Release|Any CPU
		{C8AE84B5-FA04-47F0-AD0F-A8AB3F6A71BB}.Release|Any CPU.Build.0 = Release|Any CPU
		{C8AE84B5-FA04-47F0-AD0F-A8AB3F6A71BB}.Release|x64.ActiveCfg = Release|x64
		{C8AE84B5-FA04-47F0-AD0F-A8AB3F6A71BB}.Release|x64.Build.0 = Release|x64
		{C8AE84B5-FA04-47F0-AD0F-A8AB3F6A71BB}.Staging|Any CPU.ActiveCfg = Release|Any CPU
		{C8AE84B5-FA04-47F0-AD0F-A8AB3F6A71BB}.Staging|Any CPU.Build.0 = Release|Any CPU
		{C8AE84B5-FA04-47F0-AD0F-A8AB3F6A71BB}.Staging|x64.ActiveCfg = Release|x64
		{C8AE84B5-FA04-47F0-AD0F-A8AB3F6A71BB}.Staging|x64.Build.0 = Release|x64
		{F173DD4E-F735-4580-B7F2-742D00CC374A}.Debug|Any CPU.ActiveCfg = Debug|Any CPU
		{F173DD4E-F735-4580-B7F2-742D00CC374A}.Debug|Any CPU.Build.0 = Debug|Any CPU
		{F173DD4E-F735-4580-B7F2-742D00CC374A}.Debug|x64.ActiveCfg = Debug|x64
		{F173DD4E-F735-4580-B7F2-742D00CC374A}.Debug|x64.Build.0 = Debug|x64
		{F173DD4E-F735-4580-B7F2-742D00CC374A}.Dev|Any CPU.ActiveCfg = Debug|Any CPU
		{F173DD4E-F735-4580-B7F2-742D00CC374A}.Dev|Any CPU.Build.0 = Debug|Any CPU
		{F173DD4E-F735-4580-B7F2-742D00CC374A}.Dev|x64.ActiveCfg = Debug|x64
		{F173DD4E-F735-4580-B7F2-742D00CC374A}.Dev|x64.Build.0 = Debug|x64
		{F173DD4E-F735-4580-B7F2-742D00CC374A}.DevHttps|Any CPU.ActiveCfg = Debug|Any CPU
		{F173DD4E-F735-4580-B7F2-742D00CC374A}.DevHttps|Any CPU.Build.0 = Debug|Any CPU
		{F173DD4E-F735-4580-B7F2-742D00CC374A}.DevHttps|x64.ActiveCfg = Debug|x64
		{F173DD4E-F735-4580-B7F2-742D00CC374A}.DevHttps|x64.Build.0 = Debug|x64
		{F173DD4E-F735-4580-B7F2-742D00CC374A}.Prod|Any CPU.ActiveCfg = Release|Any CPU
		{F173DD4E-F735-4580-B7F2-742D00CC374A}.Prod|Any CPU.Build.0 = Release|Any CPU
		{F173DD4E-F735-4580-B7F2-742D00CC374A}.Prod|x64.ActiveCfg = Release|x64
		{F173DD4E-F735-4580-B7F2-742D00CC374A}.Prod|x64.Build.0 = Release|x64
		{F173DD4E-F735-4580-B7F2-742D00CC374A}.Release|Any CPU.ActiveCfg = Release|Any CPU
		{F173DD4E-F735-4580-B7F2-742D00CC374A}.Release|Any CPU.Build.0 = Release|Any CPU
		{F173DD4E-F735-4580-B7F2-742D00CC374A}.Release|x64.ActiveCfg = Release|x64
		{F173DD4E-F735-4580-B7F2-742D00CC374A}.Release|x64.Build.0 = Release|x64
		{F173DD4E-F735-4580-B7F2-742D00CC374A}.Staging|Any CPU.ActiveCfg = Release|Any CPU
		{F173DD4E-F735-4580-B7F2-742D00CC374A}.Staging|Any CPU.Build.0 = Release|Any CPU
		{F173DD4E-F735-4580-B7F2-742D00CC374A}.Staging|x64.ActiveCfg = Release|x64
		{F173DD4E-F735-4580-B7F2-742D00CC374A}.Staging|x64.Build.0 = Release|x64
		{E9E12F82-9DA2-4374-9D02-2619E281566E}.Debug|Any CPU.ActiveCfg = Debug|Any CPU
		{E9E12F82-9DA2-4374-9D02-2619E281566E}.Debug|Any CPU.Build.0 = Debug|Any CPU
		{E9E12F82-9DA2-4374-9D02-2619E281566E}.Debug|x64.ActiveCfg = Debug|x64
		{E9E12F82-9DA2-4374-9D02-2619E281566E}.Debug|x64.Build.0 = Debug|x64
		{E9E12F82-9DA2-4374-9D02-2619E281566E}.Dev|Any CPU.ActiveCfg = Debug|Any CPU
		{E9E12F82-9DA2-4374-9D02-2619E281566E}.Dev|Any CPU.Build.0 = Debug|Any CPU
		{E9E12F82-9DA2-4374-9D02-2619E281566E}.Dev|x64.ActiveCfg = Debug|x64
		{E9E12F82-9DA2-4374-9D02-2619E281566E}.Dev|x64.Build.0 = Debug|x64
		{E9E12F82-9DA2-4374-9D02-2619E281566E}.DevHttps|Any CPU.ActiveCfg = Debug|Any CPU
		{E9E12F82-9DA2-4374-9D02-2619E281566E}.DevHttps|Any CPU.Build.0 = Debug|Any CPU
		{E9E12F82-9DA2-4374-9D02-2619E281566E}.DevHttps|x64.ActiveCfg = Debug|x64
		{E9E12F82-9DA2-4374-9D02-2619E281566E}.DevHttps|x64.Build.0 = Debug|x64
		{E9E12F82-9DA2-4374-9D02-2619E281566E}.Prod|Any CPU.ActiveCfg = Release|Any CPU
		{E9E12F82-9DA2-4374-9D02-2619E281566E}.Prod|Any CPU.Build.0 = Release|Any CPU
		{E9E12F82-9DA2-4374-9D02-2619E281566E}.Prod|x64.ActiveCfg = Release|x64
		{E9E12F82-9DA2-4374-9D02-2619E281566E}.Prod|x64.Build.0 = Release|x64
		{E9E12F82-9DA2-4374-9D02-2619E281566E}.Release|Any CPU.ActiveCfg = Release|Any CPU
		{E9E12F82-9DA2-4374-9D02-2619E281566E}.Release|Any CPU.Build.0 = Release|Any CPU
		{E9E12F82-9DA2-4374-9D02-2619E281566E}.Release|x64.ActiveCfg = Release|x64
		{E9E12F82-9DA2-4374-9D02-2619E281566E}.Release|x64.Build.0 = Release|x64
		{E9E12F82-9DA2-4374-9D02-2619E281566E}.Staging|Any CPU.ActiveCfg = Release|Any CPU
		{E9E12F82-9DA2-4374-9D02-2619E281566E}.Staging|Any CPU.Build.0 = Release|Any CPU
		{E9E12F82-9DA2-4374-9D02-2619E281566E}.Staging|x64.ActiveCfg = Release|x64
		{E9E12F82-9DA2-4374-9D02-2619E281566E}.Staging|x64.Build.0 = Release|x64
		{4965A315-356A-438B-A250-10623B344571}.Debug|Any CPU.ActiveCfg = Debug|Any CPU
		{4965A315-356A-438B-A250-10623B344571}.Debug|Any CPU.Build.0 = Debug|Any CPU
		{4965A315-356A-438B-A250-10623B344571}.Debug|x64.ActiveCfg = Debug|x64
		{4965A315-356A-438B-A250-10623B344571}.Debug|x64.Build.0 = Debug|x64
		{4965A315-356A-438B-A250-10623B344571}.Dev|Any CPU.ActiveCfg = Debug|Any CPU
		{4965A315-356A-438B-A250-10623B344571}.Dev|Any CPU.Build.0 = Debug|Any CPU
		{4965A315-356A-438B-A250-10623B344571}.Dev|x64.ActiveCfg = Debug|x64
		{4965A315-356A-438B-A250-10623B344571}.Dev|x64.Build.0 = Debug|x64
		{4965A315-356A-438B-A250-10623B344571}.DevHttps|Any CPU.ActiveCfg = Debug|Any CPU
		{4965A315-356A-438B-A250-10623B344571}.DevHttps|Any CPU.Build.0 = Debug|Any CPU
		{4965A315-356A-438B-A250-10623B344571}.DevHttps|x64.ActiveCfg = Debug|x64
		{4965A315-356A-438B-A250-10623B344571}.DevHttps|x64.Build.0 = Debug|x64
		{4965A315-356A-438B-A250-10623B344571}.Prod|Any CPU.ActiveCfg = Release|Any CPU
		{4965A315-356A-438B-A250-10623B344571}.Prod|Any CPU.Build.0 = Release|Any CPU
		{4965A315-356A-438B-A250-10623B344571}.Prod|x64.ActiveCfg = Release|x64
		{4965A315-356A-438B-A250-10623B344571}.Prod|x64.Build.0 = Release|x64
		{4965A315-356A-438B-A250-10623B344571}.Release|Any CPU.ActiveCfg = Release|Any CPU
		{4965A315-356A-438B-A250-10623B344571}.Release|Any CPU.Build.0 = Release|Any CPU
		{4965A315-356A-438B-A250-10623B344571}.Release|x64.ActiveCfg = Release|x64
		{4965A315-356A-438B-A250-10623B344571}.Release|x64.Build.0 = Release|x64
		{4965A315-356A-438B-A250-10623B344571}.Staging|Any CPU.ActiveCfg = Release|Any CPU
		{4965A315-356A-438B-A250-10623B344571}.Staging|Any CPU.Build.0 = Release|Any CPU
		{4965A315-356A-438B-A250-10623B344571}.Staging|x64.ActiveCfg = Release|x64
		{4965A315-356A-438B-A250-10623B344571}.Staging|x64.Build.0 = Release|x64
		{F1D78DD4-0D93-43DB-9271-567DD6D533DF}.Debug|Any CPU.ActiveCfg = Debug|Any CPU
		{F1D78DD4-0D93-43DB-9271-567DD6D533DF}.Debug|Any CPU.Build.0 = Debug|Any CPU
		{F1D78DD4-0D93-43DB-9271-567DD6D533DF}.Debug|x64.ActiveCfg = Debug|x64
		{F1D78DD4-0D93-43DB-9271-567DD6D533DF}.Debug|x64.Build.0 = Debug|x64
		{F1D78DD4-0D93-43DB-9271-567DD6D533DF}.Dev|Any CPU.ActiveCfg = Debug|Any CPU
		{F1D78DD4-0D93-43DB-9271-567DD6D533DF}.Dev|Any CPU.Build.0 = Debug|Any CPU
		{F1D78DD4-0D93-43DB-9271-567DD6D533DF}.Dev|x64.ActiveCfg = Debug|x64
		{F1D78DD4-0D93-43DB-9271-567DD6D533DF}.Dev|x64.Build.0 = Debug|x64
		{F1D78DD4-0D93-43DB-9271-567DD6D533DF}.DevHttps|Any CPU.ActiveCfg = Debug|Any CPU
		{F1D78DD4-0D93-43DB-9271-567DD6D533DF}.DevHttps|Any CPU.Build.0 = Debug|Any CPU
		{F1D78DD4-0D93-43DB-9271-567DD6D533DF}.DevHttps|x64.ActiveCfg = Debug|x64
		{F1D78DD4-0D93-43DB-9271-567DD6D533DF}.DevHttps|x64.Build.0 = Debug|x64
		{F1D78DD4-0D93-43DB-9271-567DD6D533DF}.Prod|Any CPU.ActiveCfg = Release|Any CPU
		{F1D78DD4-0D93-43DB-9271-567DD6D533DF}.Prod|Any CPU.Build.0 = Release|Any CPU
		{F1D78DD4-0D93-43DB-9271-567DD6D533DF}.Prod|x64.ActiveCfg = Release|x64
		{F1D78DD4-0D93-43DB-9271-567DD6D533DF}.Prod|x64.Build.0 = Release|x64
		{F1D78DD4-0D93-43DB-9271-567DD6D533DF}.Release|Any CPU.ActiveCfg = Release|Any CPU
		{F1D78DD4-0D93-43DB-9271-567DD6D533DF}.Release|Any CPU.Build.0 = Release|Any CPU
		{F1D78DD4-0D93-43DB-9271-567DD6D533DF}.Release|x64.ActiveCfg = Release|x64
		{F1D78DD4-0D93-43DB-9271-567DD6D533DF}.Release|x64.Build.0 = Release|x64
		{F1D78DD4-0D93-43DB-9271-567DD6D533DF}.Staging|Any CPU.ActiveCfg = Release|Any CPU
		{F1D78DD4-0D93-43DB-9271-567DD6D533DF}.Staging|Any CPU.Build.0 = Release|Any CPU
		{F1D78DD4-0D93-43DB-9271-567DD6D533DF}.Staging|x64.ActiveCfg = Release|x64
		{F1D78DD4-0D93-43DB-9271-567DD6D533DF}.Staging|x64.Build.0 = Release|x64
		{727C62B2-A496-4734-B77B-55C618466A77}.Debug|Any CPU.ActiveCfg = Debug|Any CPU
		{727C62B2-A496-4734-B77B-55C618466A77}.Debug|Any CPU.Build.0 = Debug|Any CPU
		{727C62B2-A496-4734-B77B-55C618466A77}.Debug|x64.ActiveCfg = Debug|x64
		{727C62B2-A496-4734-B77B-55C618466A77}.Debug|x64.Build.0 = Debug|x64
		{727C62B2-A496-4734-B77B-55C618466A77}.Dev|Any CPU.ActiveCfg = Debug|Any CPU
		{727C62B2-A496-4734-B77B-55C618466A77}.Dev|Any CPU.Build.0 = Debug|Any CPU
		{727C62B2-A496-4734-B77B-55C618466A77}.Dev|x64.ActiveCfg = Debug|x64
		{727C62B2-A496-4734-B77B-55C618466A77}.Dev|x64.Build.0 = Debug|x64
		{727C62B2-A496-4734-B77B-55C618466A77}.DevHttps|Any CPU.ActiveCfg = Debug|Any CPU
		{727C62B2-A496-4734-B77B-55C618466A77}.DevHttps|Any CPU.Build.0 = Debug|Any CPU
		{727C62B2-A496-4734-B77B-55C618466A77}.DevHttps|x64.ActiveCfg = Debug|x64
		{727C62B2-A496-4734-B77B-55C618466A77}.DevHttps|x64.Build.0 = Debug|x64
		{727C62B2-A496-4734-B77B-55C618466A77}.Prod|Any CPU.ActiveCfg = Release|Any CPU
		{727C62B2-A496-4734-B77B-55C618466A77}.Prod|Any CPU.Build.0 = Release|Any CPU
		{727C62B2-A496-4734-B77B-55C618466A77}.Prod|x64.ActiveCfg = Release|x64
		{727C62B2-A496-4734-B77B-55C618466A77}.Prod|x64.Build.0 = Release|x64
		{727C62B2-A496-4734-B77B-55C618466A77}.Release|Any CPU.ActiveCfg = Release|Any CPU
		{727C62B2-A496-4734-B77B-55C618466A77}.Release|Any CPU.Build.0 = Release|Any CPU
		{727C62B2-A496-4734-B77B-55C618466A77}.Release|x64.ActiveCfg = Release|x64
		{727C62B2-A496-4734-B77B-55C618466A77}.Release|x64.Build.0 = Release|x64
		{727C62B2-A496-4734-B77B-55C618466A77}.Staging|Any CPU.ActiveCfg = Release|Any CPU
		{727C62B2-A496-4734-B77B-55C618466A77}.Staging|Any CPU.Build.0 = Release|Any CPU
		{727C62B2-A496-4734-B77B-55C618466A77}.Staging|x64.ActiveCfg = Release|x64
		{727C62B2-A496-4734-B77B-55C618466A77}.Staging|x64.Build.0 = Release|x64
		{88D4F41F-7071-49EE-9B3B-A96CFF43EBF8}.Debug|Any CPU.ActiveCfg = Debug|Any CPU
		{88D4F41F-7071-49EE-9B3B-A96CFF43EBF8}.Debug|Any CPU.Build.0 = Debug|Any CPU
		{88D4F41F-7071-49EE-9B3B-A96CFF43EBF8}.Debug|x64.ActiveCfg = Debug|x64
		{88D4F41F-7071-49EE-9B3B-A96CFF43EBF8}.Debug|x64.Build.0 = Debug|x64
		{88D4F41F-7071-49EE-9B3B-A96CFF43EBF8}.Dev|Any CPU.ActiveCfg = Debug|Any CPU
		{88D4F41F-7071-49EE-9B3B-A96CFF43EBF8}.Dev|Any CPU.Build.0 = Debug|Any CPU
		{88D4F41F-7071-49EE-9B3B-A96CFF43EBF8}.Dev|x64.ActiveCfg = Debug|x64
		{88D4F41F-7071-49EE-9B3B-A96CFF43EBF8}.Dev|x64.Build.0 = Debug|x64
		{88D4F41F-7071-49EE-9B3B-A96CFF43EBF8}.DevHttps|Any CPU.ActiveCfg = Debug|Any CPU
		{88D4F41F-7071-49EE-9B3B-A96CFF43EBF8}.DevHttps|Any CPU.Build.0 = Debug|Any CPU
		{88D4F41F-7071-49EE-9B3B-A96CFF43EBF8}.DevHttps|x64.ActiveCfg = Debug|x64
		{88D4F41F-7071-49EE-9B3B-A96CFF43EBF8}.DevHttps|x64.Build.0 = Debug|x64
		{88D4F41F-7071-49EE-9B3B-A96CFF43EBF8}.Prod|Any CPU.ActiveCfg = Release|Any CPU
		{88D4F41F-7071-49EE-9B3B-A96CFF43EBF8}.Prod|Any CPU.Build.0 = Release|Any CPU
		{88D4F41F-7071-49EE-9B3B-A96CFF43EBF8}.Prod|x64.ActiveCfg = Release|x64
		{88D4F41F-7071-49EE-9B3B-A96CFF43EBF8}.Prod|x64.Build.0 = Release|x64
		{88D4F41F-7071-49EE-9B3B-A96CFF43EBF8}.Release|Any CPU.ActiveCfg = Release|Any CPU
		{88D4F41F-7071-49EE-9B3B-A96CFF43EBF8}.Release|Any CPU.Build.0 = Release|Any CPU
		{88D4F41F-7071-49EE-9B3B-A96CFF43EBF8}.Release|x64.ActiveCfg = Release|x64
		{88D4F41F-7071-49EE-9B3B-A96CFF43EBF8}.Release|x64.Build.0 = Release|x64
		{88D4F41F-7071-49EE-9B3B-A96CFF43EBF8}.Staging|Any CPU.ActiveCfg = Release|Any CPU
		{88D4F41F-7071-49EE-9B3B-A96CFF43EBF8}.Staging|Any CPU.Build.0 = Release|Any CPU
		{88D4F41F-7071-49EE-9B3B-A96CFF43EBF8}.Staging|x64.ActiveCfg = Release|x64
		{88D4F41F-7071-49EE-9B3B-A96CFF43EBF8}.Staging|x64.Build.0 = Release|x64
		{B639349E-FB43-4103-8B1E-AC267961BD07}.Debug|Any CPU.ActiveCfg = Debug|Any CPU
		{B639349E-FB43-4103-8B1E-AC267961BD07}.Debug|Any CPU.Build.0 = Debug|Any CPU
		{B639349E-FB43-4103-8B1E-AC267961BD07}.Debug|x64.ActiveCfg = Debug|x64
		{B639349E-FB43-4103-8B1E-AC267961BD07}.Debug|x64.Build.0 = Debug|x64
		{B639349E-FB43-4103-8B1E-AC267961BD07}.Dev|Any CPU.ActiveCfg = Debug|Any CPU
		{B639349E-FB43-4103-8B1E-AC267961BD07}.Dev|Any CPU.Build.0 = Debug|Any CPU
		{B639349E-FB43-4103-8B1E-AC267961BD07}.Dev|x64.ActiveCfg = Debug|x64
		{B639349E-FB43-4103-8B1E-AC267961BD07}.Dev|x64.Build.0 = Debug|x64
		{B639349E-FB43-4103-8B1E-AC267961BD07}.DevHttps|Any CPU.ActiveCfg = Debug|Any CPU
		{B639349E-FB43-4103-8B1E-AC267961BD07}.DevHttps|Any CPU.Build.0 = Debug|Any CPU
		{B639349E-FB43-4103-8B1E-AC267961BD07}.DevHttps|x64.ActiveCfg = Debug|x64
		{B639349E-FB43-4103-8B1E-AC267961BD07}.DevHttps|x64.Build.0 = Debug|x64
		{B639349E-FB43-4103-8B1E-AC267961BD07}.Prod|Any CPU.ActiveCfg = Release|Any CPU
		{B639349E-FB43-4103-8B1E-AC267961BD07}.Prod|Any CPU.Build.0 = Release|Any CPU
		{B639349E-FB43-4103-8B1E-AC267961BD07}.Prod|x64.ActiveCfg = Release|x64
		{B639349E-FB43-4103-8B1E-AC267961BD07}.Prod|x64.Build.0 = Release|x64
		{B639349E-FB43-4103-8B1E-AC267961BD07}.Release|Any CPU.ActiveCfg = Release|Any CPU
		{B639349E-FB43-4103-8B1E-AC267961BD07}.Release|Any CPU.Build.0 = Release|Any CPU
		{B639349E-FB43-4103-8B1E-AC267961BD07}.Release|x64.ActiveCfg = Release|x64
		{B639349E-FB43-4103-8B1E-AC267961BD07}.Release|x64.Build.0 = Release|x64
		{B639349E-FB43-4103-8B1E-AC267961BD07}.Staging|Any CPU.ActiveCfg = Release|Any CPU
		{B639349E-FB43-4103-8B1E-AC267961BD07}.Staging|Any CPU.Build.0 = Release|Any CPU
		{B639349E-FB43-4103-8B1E-AC267961BD07}.Staging|x64.ActiveCfg = Release|x64
		{B639349E-FB43-4103-8B1E-AC267961BD07}.Staging|x64.Build.0 = Release|x64
		{31F653B7-97D3-4BA7-8EAB-01470EA8E8BA}.Debug|Any CPU.ActiveCfg = Debug|Any CPU
		{31F653B7-97D3-4BA7-8EAB-01470EA8E8BA}.Debug|Any CPU.Build.0 = Debug|Any CPU
		{31F653B7-97D3-4BA7-8EAB-01470EA8E8BA}.Debug|x64.ActiveCfg = Debug|x64
		{31F653B7-97D3-4BA7-8EAB-01470EA8E8BA}.Debug|x64.Build.0 = Debug|x64
		{31F653B7-97D3-4BA7-8EAB-01470EA8E8BA}.Dev|Any CPU.ActiveCfg = Debug|Any CPU
		{31F653B7-97D3-4BA7-8EAB-01470EA8E8BA}.Dev|Any CPU.Build.0 = Debug|Any CPU
		{31F653B7-97D3-4BA7-8EAB-01470EA8E8BA}.Dev|x64.ActiveCfg = Debug|x64
		{31F653B7-97D3-4BA7-8EAB-01470EA8E8BA}.Dev|x64.Build.0 = Debug|x64
		{31F653B7-97D3-4BA7-8EAB-01470EA8E8BA}.DevHttps|Any CPU.ActiveCfg = Debug|Any CPU
		{31F653B7-97D3-4BA7-8EAB-01470EA8E8BA}.DevHttps|Any CPU.Build.0 = Debug|Any CPU
		{31F653B7-97D3-4BA7-8EAB-01470EA8E8BA}.DevHttps|x64.ActiveCfg = Debug|x64
		{31F653B7-97D3-4BA7-8EAB-01470EA8E8BA}.DevHttps|x64.Build.0 = Debug|x64
		{31F653B7-97D3-4BA7-8EAB-01470EA8E8BA}.Prod|Any CPU.ActiveCfg = Release|Any CPU
		{31F653B7-97D3-4BA7-8EAB-01470EA8E8BA}.Prod|Any CPU.Build.0 = Release|Any CPU
		{31F653B7-97D3-4BA7-8EAB-01470EA8E8BA}.Prod|x64.ActiveCfg = Release|x64
		{31F653B7-97D3-4BA7-8EAB-01470EA8E8BA}.Prod|x64.Build.0 = Release|x64
		{31F653B7-97D3-4BA7-8EAB-01470EA8E8BA}.Release|Any CPU.ActiveCfg = Release|Any CPU
		{31F653B7-97D3-4BA7-8EAB-01470EA8E8BA}.Release|Any CPU.Build.0 = Release|Any CPU
		{31F653B7-97D3-4BA7-8EAB-01470EA8E8BA}.Release|x64.ActiveCfg = Release|x64
		{31F653B7-97D3-4BA7-8EAB-01470EA8E8BA}.Release|x64.Build.0 = Release|x64
		{31F653B7-97D3-4BA7-8EAB-01470EA8E8BA}.Staging|Any CPU.ActiveCfg = Release|Any CPU
		{31F653B7-97D3-4BA7-8EAB-01470EA8E8BA}.Staging|Any CPU.Build.0 = Release|Any CPU
		{31F653B7-97D3-4BA7-8EAB-01470EA8E8BA}.Staging|x64.ActiveCfg = Release|x64
		{31F653B7-97D3-4BA7-8EAB-01470EA8E8BA}.Staging|x64.Build.0 = Release|x64
		{F755B8A3-0FA4-47AF-98A1-35466F0AA21D}.Debug|Any CPU.ActiveCfg = Debug|Any CPU
		{F755B8A3-0FA4-47AF-98A1-35466F0AA21D}.Debug|Any CPU.Build.0 = Debug|Any CPU
		{F755B8A3-0FA4-47AF-98A1-35466F0AA21D}.Debug|x64.ActiveCfg = Debug|x64
		{F755B8A3-0FA4-47AF-98A1-35466F0AA21D}.Debug|x64.Build.0 = Debug|x64
		{F755B8A3-0FA4-47AF-98A1-35466F0AA21D}.Dev|Any CPU.ActiveCfg = Debug|Any CPU
		{F755B8A3-0FA4-47AF-98A1-35466F0AA21D}.Dev|Any CPU.Build.0 = Debug|Any CPU
		{F755B8A3-0FA4-47AF-98A1-35466F0AA21D}.Dev|x64.ActiveCfg = Debug|x64
		{F755B8A3-0FA4-47AF-98A1-35466F0AA21D}.Dev|x64.Build.0 = Debug|x64
		{F755B8A3-0FA4-47AF-98A1-35466F0AA21D}.DevHttps|Any CPU.ActiveCfg = Debug|Any CPU
		{F755B8A3-0FA4-47AF-98A1-35466F0AA21D}.DevHttps|Any CPU.Build.0 = Debug|Any CPU
		{F755B8A3-0FA4-47AF-98A1-35466F0AA21D}.DevHttps|x64.ActiveCfg = Debug|x64
		{F755B8A3-0FA4-47AF-98A1-35466F0AA21D}.DevHttps|x64.Build.0 = Debug|x64
		{F755B8A3-0FA4-47AF-98A1-35466F0AA21D}.Prod|Any CPU.ActiveCfg = Release|Any CPU
		{F755B8A3-0FA4-47AF-98A1-35466F0AA21D}.Prod|Any CPU.Build.0 = Release|Any CPU
		{F755B8A3-0FA4-47AF-98A1-35466F0AA21D}.Prod|x64.ActiveCfg = Release|x64
		{F755B8A3-0FA4-47AF-98A1-35466F0AA21D}.Prod|x64.Build.0 = Release|x64
		{F755B8A3-0FA4-47AF-98A1-35466F0AA21D}.Release|Any CPU.ActiveCfg = Release|Any CPU
		{F755B8A3-0FA4-47AF-98A1-35466F0AA21D}.Release|Any CPU.Build.0 = Release|Any CPU
		{F755B8A3-0FA4-47AF-98A1-35466F0AA21D}.Release|x64.ActiveCfg = Release|x64
		{F755B8A3-0FA4-47AF-98A1-35466F0AA21D}.Release|x64.Build.0 = Release|x64
		{F755B8A3-0FA4-47AF-98A1-35466F0AA21D}.Staging|Any CPU.ActiveCfg = Release|Any CPU
		{F755B8A3-0FA4-47AF-98A1-35466F0AA21D}.Staging|Any CPU.Build.0 = Release|Any CPU
		{F755B8A3-0FA4-47AF-98A1-35466F0AA21D}.Staging|x64.ActiveCfg = Release|x64
		{F755B8A3-0FA4-47AF-98A1-35466F0AA21D}.Staging|x64.Build.0 = Release|x64
		{FD7009C0-F0CB-47F3-8140-0603C1E65584}.Debug|Any CPU.ActiveCfg = Debug|Any CPU
		{FD7009C0-F0CB-47F3-8140-0603C1E65584}.Debug|Any CPU.Build.0 = Debug|Any CPU
		{FD7009C0-F0CB-47F3-8140-0603C1E65584}.Debug|x64.ActiveCfg = Debug|x64
		{FD7009C0-F0CB-47F3-8140-0603C1E65584}.Debug|x64.Build.0 = Debug|x64
		{FD7009C0-F0CB-47F3-8140-0603C1E65584}.Dev|Any CPU.ActiveCfg = Debug|Any CPU
		{FD7009C0-F0CB-47F3-8140-0603C1E65584}.Dev|Any CPU.Build.0 = Debug|Any CPU
		{FD7009C0-F0CB-47F3-8140-0603C1E65584}.Dev|x64.ActiveCfg = Debug|x64
		{FD7009C0-F0CB-47F3-8140-0603C1E65584}.Dev|x64.Build.0 = Debug|x64
		{FD7009C0-F0CB-47F3-8140-0603C1E65584}.DevHttps|Any CPU.ActiveCfg = Debug|Any CPU
		{FD7009C0-F0CB-47F3-8140-0603C1E65584}.DevHttps|Any CPU.Build.0 = Debug|Any CPU
		{FD7009C0-F0CB-47F3-8140-0603C1E65584}.DevHttps|x64.ActiveCfg = Debug|x64
		{FD7009C0-F0CB-47F3-8140-0603C1E65584}.DevHttps|x64.Build.0 = Debug|x64
		{FD7009C0-F0CB-47F3-8140-0603C1E65584}.Prod|Any CPU.ActiveCfg = Release|Any CPU
		{FD7009C0-F0CB-47F3-8140-0603C1E65584}.Prod|Any CPU.Build.0 = Release|Any CPU
		{FD7009C0-F0CB-47F3-8140-0603C1E65584}.Prod|x64.ActiveCfg = Release|x64
		{FD7009C0-F0CB-47F3-8140-0603C1E65584}.Prod|x64.Build.0 = Release|x64
		{FD7009C0-F0CB-47F3-8140-0603C1E65584}.Release|Any CPU.ActiveCfg = Release|Any CPU
		{FD7009C0-F0CB-47F3-8140-0603C1E65584}.Release|Any CPU.Build.0 = Release|Any CPU
		{FD7009C0-F0CB-47F3-8140-0603C1E65584}.Release|x64.ActiveCfg = Release|x64
		{FD7009C0-F0CB-47F3-8140-0603C1E65584}.Release|x64.Build.0 = Release|x64
		{FD7009C0-F0CB-47F3-8140-0603C1E65584}.Staging|Any CPU.ActiveCfg = Release|Any CPU
		{FD7009C0-F0CB-47F3-8140-0603C1E65584}.Staging|Any CPU.Build.0 = Release|Any CPU
		{FD7009C0-F0CB-47F3-8140-0603C1E65584}.Staging|x64.ActiveCfg = Release|x64
		{FD7009C0-F0CB-47F3-8140-0603C1E65584}.Staging|x64.Build.0 = Release|x64
		{A1474284-C599-4B20-B74C-A6E49BBD1B7B}.Debug|Any CPU.ActiveCfg = Debug|Any CPU
		{A1474284-C599-4B20-B74C-A6E49BBD1B7B}.Debug|Any CPU.Build.0 = Debug|Any CPU
		{A1474284-C599-4B20-B74C-A6E49BBD1B7B}.Debug|x64.ActiveCfg = Debug|x64
		{A1474284-C599-4B20-B74C-A6E49BBD1B7B}.Debug|x64.Build.0 = Debug|x64
		{A1474284-C599-4B20-B74C-A6E49BBD1B7B}.Dev|Any CPU.ActiveCfg = Debug|Any CPU
		{A1474284-C599-4B20-B74C-A6E49BBD1B7B}.Dev|Any CPU.Build.0 = Debug|Any CPU
		{A1474284-C599-4B20-B74C-A6E49BBD1B7B}.Dev|x64.ActiveCfg = Debug|x64
		{A1474284-C599-4B20-B74C-A6E49BBD1B7B}.Dev|x64.Build.0 = Debug|x64
		{A1474284-C599-4B20-B74C-A6E49BBD1B7B}.DevHttps|Any CPU.ActiveCfg = Debug|Any CPU
		{A1474284-C599-4B20-B74C-A6E49BBD1B7B}.DevHttps|Any CPU.Build.0 = Debug|Any CPU
		{A1474284-C599-4B20-B74C-A6E49BBD1B7B}.DevHttps|x64.ActiveCfg = Debug|x64
		{A1474284-C599-4B20-B74C-A6E49BBD1B7B}.DevHttps|x64.Build.0 = Debug|x64
		{A1474284-C599-4B20-B74C-A6E49BBD1B7B}.Prod|Any CPU.ActiveCfg = Release|Any CPU
		{A1474284-C599-4B20-B74C-A6E49BBD1B7B}.Prod|Any CPU.Build.0 = Release|Any CPU
		{A1474284-C599-4B20-B74C-A6E49BBD1B7B}.Prod|x64.ActiveCfg = Release|x64
		{A1474284-C599-4B20-B74C-A6E49BBD1B7B}.Prod|x64.Build.0 = Release|x64
		{A1474284-C599-4B20-B74C-A6E49BBD1B7B}.Release|Any CPU.ActiveCfg = Release|Any CPU
		{A1474284-C599-4B20-B74C-A6E49BBD1B7B}.Release|Any CPU.Build.0 = Release|Any CPU
		{A1474284-C599-4B20-B74C-A6E49BBD1B7B}.Release|x64.ActiveCfg = Release|x64
		{A1474284-C599-4B20-B74C-A6E49BBD1B7B}.Release|x64.Build.0 = Release|x64
		{A1474284-C599-4B20-B74C-A6E49BBD1B7B}.Staging|Any CPU.ActiveCfg = Release|Any CPU
		{A1474284-C599-4B20-B74C-A6E49BBD1B7B}.Staging|Any CPU.Build.0 = Release|Any CPU
		{A1474284-C599-4B20-B74C-A6E49BBD1B7B}.Staging|x64.ActiveCfg = Release|x64
		{A1474284-C599-4B20-B74C-A6E49BBD1B7B}.Staging|x64.Build.0 = Release|x64
		{2363B8EE-02E2-482B-9E74-725FDCD7D63A}.Debug|Any CPU.ActiveCfg = Debug|Any CPU
		{2363B8EE-02E2-482B-9E74-725FDCD7D63A}.Debug|Any CPU.Build.0 = Debug|Any CPU
		{2363B8EE-02E2-482B-9E74-725FDCD7D63A}.Debug|x64.ActiveCfg = Debug|x64
		{2363B8EE-02E2-482B-9E74-725FDCD7D63A}.Debug|x64.Build.0 = Debug|x64
		{2363B8EE-02E2-482B-9E74-725FDCD7D63A}.Dev|Any CPU.ActiveCfg = Debug|Any CPU
		{2363B8EE-02E2-482B-9E74-725FDCD7D63A}.Dev|Any CPU.Build.0 = Debug|Any CPU
		{2363B8EE-02E2-482B-9E74-725FDCD7D63A}.Dev|x64.ActiveCfg = Debug|x64
		{2363B8EE-02E2-482B-9E74-725FDCD7D63A}.Dev|x64.Build.0 = Debug|x64
		{2363B8EE-02E2-482B-9E74-725FDCD7D63A}.DevHttps|Any CPU.ActiveCfg = Debug|Any CPU
		{2363B8EE-02E2-482B-9E74-725FDCD7D63A}.DevHttps|Any CPU.Build.0 = Debug|Any CPU
		{2363B8EE-02E2-482B-9E74-725FDCD7D63A}.DevHttps|x64.ActiveCfg = Debug|x64
		{2363B8EE-02E2-482B-9E74-725FDCD7D63A}.DevHttps|x64.Build.0 = Debug|x64
		{2363B8EE-02E2-482B-9E74-725FDCD7D63A}.Prod|Any CPU.ActiveCfg = Release|Any CPU
		{2363B8EE-02E2-482B-9E74-725FDCD7D63A}.Prod|Any CPU.Build.0 = Release|Any CPU
		{2363B8EE-02E2-482B-9E74-725FDCD7D63A}.Prod|x64.ActiveCfg = Release|x64
		{2363B8EE-02E2-482B-9E74-725FDCD7D63A}.Prod|x64.Build.0 = Release|x64
		{2363B8EE-02E2-482B-9E74-725FDCD7D63A}.Release|Any CPU.ActiveCfg = Release|Any CPU
		{2363B8EE-02E2-482B-9E74-725FDCD7D63A}.Release|Any CPU.Build.0 = Release|Any CPU
		{2363B8EE-02E2-482B-9E74-725FDCD7D63A}.Release|x64.ActiveCfg = Release|x64
		{2363B8EE-02E2-482B-9E74-725FDCD7D63A}.Release|x64.Build.0 = Release|x64
		{2363B8EE-02E2-482B-9E74-725FDCD7D63A}.Staging|Any CPU.ActiveCfg = Release|Any CPU
		{2363B8EE-02E2-482B-9E74-725FDCD7D63A}.Staging|Any CPU.Build.0 = Release|Any CPU
		{2363B8EE-02E2-482B-9E74-725FDCD7D63A}.Staging|x64.ActiveCfg = Release|x64
		{2363B8EE-02E2-482B-9E74-725FDCD7D63A}.Staging|x64.Build.0 = Release|x64
		{6CD02E25-9043-4789-B746-9B9556F42B0E}.Debug|Any CPU.ActiveCfg = Debug|Any CPU
		{6CD02E25-9043-4789-B746-9B9556F42B0E}.Debug|Any CPU.Build.0 = Debug|Any CPU
		{6CD02E25-9043-4789-B746-9B9556F42B0E}.Debug|x64.ActiveCfg = Debug|x64
		{6CD02E25-9043-4789-B746-9B9556F42B0E}.Debug|x64.Build.0 = Debug|x64
		{6CD02E25-9043-4789-B746-9B9556F42B0E}.Dev|Any CPU.ActiveCfg = Debug|Any CPU
		{6CD02E25-9043-4789-B746-9B9556F42B0E}.Dev|Any CPU.Build.0 = Debug|Any CPU
		{6CD02E25-9043-4789-B746-9B9556F42B0E}.Dev|x64.ActiveCfg = Debug|x64
		{6CD02E25-9043-4789-B746-9B9556F42B0E}.Dev|x64.Build.0 = Debug|x64
		{6CD02E25-9043-4789-B746-9B9556F42B0E}.DevHttps|Any CPU.ActiveCfg = Debug|Any CPU
		{6CD02E25-9043-4789-B746-9B9556F42B0E}.DevHttps|Any CPU.Build.0 = Debug|Any CPU
		{6CD02E25-9043-4789-B746-9B9556F42B0E}.DevHttps|x64.ActiveCfg = Debug|x64
		{6CD02E25-9043-4789-B746-9B9556F42B0E}.DevHttps|x64.Build.0 = Debug|x64
		{6CD02E25-9043-4789-B746-9B9556F42B0E}.Prod|Any CPU.ActiveCfg = Release|Any CPU
		{6CD02E25-9043-4789-B746-9B9556F42B0E}.Prod|Any CPU.Build.0 = Release|Any CPU
		{6CD02E25-9043-4789-B746-9B9556F42B0E}.Prod|x64.ActiveCfg = Release|x64
		{6CD02E25-9043-4789-B746-9B9556F42B0E}.Prod|x64.Build.0 = Release|x64
		{6CD02E25-9043-4789-B746-9B9556F42B0E}.Release|Any CPU.ActiveCfg = Release|Any CPU
		{6CD02E25-9043-4789-B746-9B9556F42B0E}.Release|Any CPU.Build.0 = Release|Any CPU
		{6CD02E25-9043-4789-B746-9B9556F42B0E}.Release|x64.ActiveCfg = Release|x64
		{6CD02E25-9043-4789-B746-9B9556F42B0E}.Release|x64.Build.0 = Release|x64
		{6CD02E25-9043-4789-B746-9B9556F42B0E}.Staging|Any CPU.ActiveCfg = Release|Any CPU
		{6CD02E25-9043-4789-B746-9B9556F42B0E}.Staging|Any CPU.Build.0 = Release|Any CPU
		{6CD02E25-9043-4789-B746-9B9556F42B0E}.Staging|x64.ActiveCfg = Release|x64
		{6CD02E25-9043-4789-B746-9B9556F42B0E}.Staging|x64.Build.0 = Release|x64
	EndGlobalSection
	GlobalSection(SolutionProperties) = preSolution
		HideSolutionNode = FALSE
	EndGlobalSection
EndGlobal
