
Microsoft Visual Studio Solution File, Format Version 12.00
# Visual Studio 2013
VisualStudioVersion = 12.0.30723.0
MinimumVisualStudioVersion = 10.0.40219.1
Project("{FAE04EC0-301F-11D3-BF4B-00C04F79EFBC}") = "GetWikidataRelations", "GetWikidataRelations\GetWikidataRelations.csproj", "{C8AE84B5-FA04-47F0-AD0F-A8AB3F6A71BB}"
EndProject
Project("{FAE04EC0-301F-11D3-BF4B-00C04F79EFBC}") = "GetWikidataCategories", "GetWikidataCategories\GetWikidataCategories.csproj", "{F173DD4E-F735-4580-B7F2-742D00CC374A}"
EndProject
Global
	GlobalSection(SolutionConfigurationPlatforms) = preSolution
		Debug|Any CPU = Debug|Any CPU
		Release|Any CPU = Release|Any CPU
	EndGlobalSection
	GlobalSection(ProjectConfigurationPlatforms) = postSolution
		{C8AE84B5-FA04-47F0-AD0F-A8AB3F6A71BB}.Debug|Any CPU.ActiveCfg = Debug|Any CPU
		{C8AE84B5-FA04-47F0-AD0F-A8AB3F6A71BB}.Debug|Any CPU.Build.0 = Debug|Any CPU
		{C8AE84B5-FA04-47F0-AD0F-A8AB3F6A71BB}.Release|Any CPU.ActiveCfg = Release|Any CPU
		{C8AE84B5-FA04-47F0-AD0F-A8AB3F6A71BB}.Release|Any CPU.Build.0 = Release|Any CPU
		{F173DD4E-F735-4580-B7F2-742D00CC374A}.Debug|Any CPU.ActiveCfg = Debug|Any CPU
		{F173DD4E-F735-4580-B7F2-742D00CC374A}.Debug|Any CPU.Build.0 = Debug|Any CPU
		{F173DD4E-F735-4580-B7F2-742D00CC374A}.Release|Any CPU.ActiveCfg = Release|Any CPU
		{F173DD4E-F735-4580-B7F2-742D00CC374A}.Release|Any CPU.Build.0 = Release|Any CPU
	EndGlobalSection
	GlobalSection(SolutionProperties) = preSolution
		HideSolutionNode = FALSE
	EndGlobalSection
EndGlobal
