
Microsoft Visual Studio Solution File, Format Version 12.00
# Visual Studio 2013
VisualStudioVersion = 12.0.30723.0
MinimumVisualStudioVersion = 10.0.40219.1
Project("{FAE04EC0-301F-11D3-BF4B-00C04F79EFBC}") = "GetWikidataRelations", "GetWikidataRelations\GetWikidataRelations.csproj", "{C8AE84B5-FA04-47F0-AD0F-A8AB3F6A71BB}"
EndProject
Project("{FAE04EC0-301F-11D3-BF4B-00C04F79EFBC}") = "GetWikidataCategories", "GetWikidataCategories\GetWikidataCategories.csproj", "{F173DD4E-F735-4580-B7F2-742D00CC374A}"
EndProject
Project("{FAE04EC0-301F-11D3-BF4B-00C04F79EFBC}") = "ReloadConfigFromFile", "ReloadConfigFromFile\ReloadConfigFromFile.csproj", "{E9E12F82-9DA2-4374-9D02-2619E281566E}"
EndProject
Project("{FAE04EC0-301F-11D3-BF4B-00C04F79EFBC}") = "UploadRelationPositions", "UploadRelationPositions\UploadRelationPositions.csproj", "{4965A315-356A-438B-A250-10623B344571}"
EndProject
Project("{FAE04EC0-301F-11D3-BF4B-00C04F79EFBC}") = "ParseTripletsIds", "ParseTripletsIds\ParseTripletsIds.csproj", "{F1D78DD4-0D93-43DB-9271-567DD6D533DF}"
EndProject
Project("{FAE04EC0-301F-11D3-BF4B-00C04F79EFBC}") = "UploadRelationPositionsIntersect", "UploadRelationPositionsIntersect\UploadRelationPositionsIntersect.csproj", "{727C62B2-A496-4734-B77B-55C618466A77}"
EndProject
Project("{FAE04EC0-301F-11D3-BF4B-00C04F79EFBC}") = "Core", "Core\Core.csproj", "{88D4F41F-7071-49EE-9B3B-A96CFF43EBF8}"
EndProject
Global
	GlobalSection(SolutionConfigurationPlatforms) = preSolution
		Debug|Any CPU = Debug|Any CPU
		Release|Any CPU = Release|Any CPU
	EndGlobalSection
	GlobalSection(ProjectConfigurationPlatforms) = postSolution
		{C8AE84B5-FA04-47F0-AD0F-A8AB3F6A71BB}.Debug|Any CPU.ActiveCfg = Debug|Any CPU
		{C8AE84B5-FA04-47F0-AD0F-A8AB3F6A71BB}.Debug|Any CPU.Build.0 = Debug|Any CPU
		{C8AE84B5-FA04-47F0-AD0F-A8AB3F6A71BB}.Release|Any CPU.ActiveCfg = Release|Any CPU
		{C8AE84B5-FA04-47F0-AD0F-A8AB3F6A71BB}.Release|Any CPU.Build.0 = Release|Any CPU
		{F173DD4E-F735-4580-B7F2-742D00CC374A}.Debug|Any CPU.ActiveCfg = Debug|Any CPU
		{F173DD4E-F735-4580-B7F2-742D00CC374A}.Debug|Any CPU.Build.0 = Debug|Any CPU
		{F173DD4E-F735-4580-B7F2-742D00CC374A}.Release|Any CPU.ActiveCfg = Release|Any CPU
		{F173DD4E-F735-4580-B7F2-742D00CC374A}.Release|Any CPU.Build.0 = Release|Any CPU
		{E9E12F82-9DA2-4374-9D02-2619E281566E}.Debug|Any CPU.ActiveCfg = Debug|Any CPU
		{E9E12F82-9DA2-4374-9D02-2619E281566E}.Debug|Any CPU.Build.0 = Debug|Any CPU
		{E9E12F82-9DA2-4374-9D02-2619E281566E}.Release|Any CPU.ActiveCfg = Release|Any CPU
		{E9E12F82-9DA2-4374-9D02-2619E281566E}.Release|Any CPU.Build.0 = Release|Any CPU
		{4965A315-356A-438B-A250-10623B344571}.Debug|Any CPU.ActiveCfg = Debug|Any CPU
		{4965A315-356A-438B-A250-10623B344571}.Debug|Any CPU.Build.0 = Debug|Any CPU
		{4965A315-356A-438B-A250-10623B344571}.Release|Any CPU.ActiveCfg = Release|Any CPU
		{4965A315-356A-438B-A250-10623B344571}.Release|Any CPU.Build.0 = Release|Any CPU
		{F1D78DD4-0D93-43DB-9271-567DD6D533DF}.Debug|Any CPU.ActiveCfg = Debug|Any CPU
		{F1D78DD4-0D93-43DB-9271-567DD6D533DF}.Debug|Any CPU.Build.0 = Debug|Any CPU
		{F1D78DD4-0D93-43DB-9271-567DD6D533DF}.Release|Any CPU.ActiveCfg = Release|Any CPU
		{F1D78DD4-0D93-43DB-9271-567DD6D533DF}.Release|Any CPU.Build.0 = Release|Any CPU
		{727C62B2-A496-4734-B77B-55C618466A77}.Debug|Any CPU.ActiveCfg = Debug|Any CPU
		{727C62B2-A496-4734-B77B-55C618466A77}.Debug|Any CPU.Build.0 = Debug|Any CPU
		{727C62B2-A496-4734-B77B-55C618466A77}.Release|Any CPU.ActiveCfg = Release|Any CPU
		{727C62B2-A496-4734-B77B-55C618466A77}.Release|Any CPU.Build.0 = Release|Any CPU
		{88D4F41F-7071-49EE-9B3B-A96CFF43EBF8}.Debug|Any CPU.ActiveCfg = Debug|Any CPU
		{88D4F41F-7071-49EE-9B3B-A96CFF43EBF8}.Debug|Any CPU.Build.0 = Debug|Any CPU
		{88D4F41F-7071-49EE-9B3B-A96CFF43EBF8}.Release|Any CPU.ActiveCfg = Release|Any CPU
		{88D4F41F-7071-49EE-9B3B-A96CFF43EBF8}.Release|Any CPU.Build.0 = Release|Any CPU
	EndGlobalSection
	GlobalSection(SolutionProperties) = preSolution
		HideSolutionNode = FALSE
	EndGlobalSection
EndGlobal
